// !$*UTF8*$!
{
	archiveVersion = 1;
	classes = {
	};
	objectVersion = 46;
	objects = {

/* Begin PBXBuildFile section */
		52972B581BCFF641004E15FB /* main.m in Sources */ = {isa = PBXBuildFile; fileRef = 52972B571BCFF641004E15FB /* main.m */; };
		52972B5B1BCFF641004E15FB /* AppDelegate.m in Sources */ = {isa = PBXBuildFile; fileRef = 52972B5A1BCFF641004E15FB /* AppDelegate.m */; };
		52972B611BCFF641004E15FB /* Main.storyboard in Resources */ = {isa = PBXBuildFile; fileRef = 52972B5F1BCFF641004E15FB /* Main.storyboard */; };
		52972B631BCFF641004E15FB /* Assets.xcassets in Resources */ = {isa = PBXBuildFile; fileRef = 52972B621BCFF641004E15FB /* Assets.xcassets */; };
		52972B661BCFF641004E15FB /* LaunchScreen.storyboard in Resources */ = {isa = PBXBuildFile; fileRef = 52972B641BCFF641004E15FB /* LaunchScreen.storyboard */; };
		52972B711BCFF641004E15FB /* ___Tests.m in Sources */ = {isa = PBXBuildFile; fileRef = 52972B701BCFF641004E15FB /* ___Tests.m */; };
		52972B7C1BCFF641004E15FB /* ___UITests.m in Sources */ = {isa = PBXBuildFile; fileRef = 52972B7B1BCFF641004E15FB /* ___UITests.m */; };
		52972B8C1BCFF6DE004E15FB /* HomePageViewController.m in Sources */ = {isa = PBXBuildFile; fileRef = 52972B8B1BCFF6DE004E15FB /* HomePageViewController.m */; settings = {ASSET_TAGS = (); }; };
		52D802EB1BD5C774001DE343 /* SelfCenterViewController.m in Sources */ = {isa = PBXBuildFile; fileRef = 52D802E41BD5C774001DE343 /* SelfCenterViewController.m */; settings = {ASSET_TAGS = (); }; };
		52D802EC1BD5C774001DE343 /* MarketViewController.m in Sources */ = {isa = PBXBuildFile; fileRef = 52D802E71BD5C774001DE343 /* MarketViewController.m */; settings = {ASSET_TAGS = (); }; };
		52D802ED1BD5C774001DE343 /* MyGardenViewController.m in Sources */ = {isa = PBXBuildFile; fileRef = 52D802EA1BD5C774001DE343 /* MyGardenViewController.m */; settings = {ASSET_TAGS = (); }; };
		52D802F11BD5CA76001DE343 /* Home_CollectionDelegate.m in Sources */ = {isa = PBXBuildFile; fileRef = 52D802F01BD5CA76001DE343 /* Home_CollectionDelegate.m */; settings = {ASSET_TAGS = (); }; };
		52D802F41BD5CA91001DE343 /* Home_RewriteCollectionViewCell.m in Sources */ = {isa = PBXBuildFile; fileRef = 52D802F31BD5CA91001DE343 /* Home_RewriteCollectionViewCell.m */; settings = {ASSET_TAGS = (); }; };
/* End PBXBuildFile section */

/* Begin PBXContainerItemProxy section */
		52972B6D1BCFF641004E15FB /* PBXContainerItemProxy */ = {
			isa = PBXContainerItemProxy;
			containerPortal = 52972B4B1BCFF641004E15FB /* Project object */;
			proxyType = 1;
			remoteGlobalIDString = 52972B521BCFF641004E15FB;
			remoteInfo = "云花园";
		};
		52972B781BCFF641004E15FB /* PBXContainerItemProxy */ = {
			isa = PBXContainerItemProxy;
			containerPortal = 52972B4B1BCFF641004E15FB /* Project object */;
			proxyType = 1;
			remoteGlobalIDString = 52972B521BCFF641004E15FB;
			remoteInfo = "云花园";
		};
/* End PBXContainerItemProxy section */

/* Begin PBXFileReference section */
		52972B531BCFF641004E15FB /* 云花园.app */ = {isa = PBXFileReference; explicitFileType = wrapper.application; includeInIndex = 0; path = "云花园.app"; sourceTree = BUILT_PRODUCTS_DIR; };
		52972B571BCFF641004E15FB /* main.m */ = {isa = PBXFileReference; lastKnownFileType = sourcecode.c.objc; path = main.m; sourceTree = "<group>"; };
		52972B591BCFF641004E15FB /* AppDelegate.h */ = {isa = PBXFileReference; lastKnownFileType = sourcecode.c.h; path = AppDelegate.h; sourceTree = "<group>"; };
		52972B5A1BCFF641004E15FB /* AppDelegate.m */ = {isa = PBXFileReference; lastKnownFileType = sourcecode.c.objc; path = AppDelegate.m; sourceTree = "<group>"; };
		52972B601BCFF641004E15FB /* Base */ = {isa = PBXFileReference; lastKnownFileType = file.storyboard; name = Base; path = Base.lproj/Main.storyboard; sourceTree = "<group>"; };
		52972B621BCFF641004E15FB /* Assets.xcassets */ = {isa = PBXFileReference; lastKnownFileType = folder.assetcatalog; path = Assets.xcassets; sourceTree = "<group>"; };
		52972B651BCFF641004E15FB /* Base */ = {isa = PBXFileReference; lastKnownFileType = file.storyboard; name = Base; path = Base.lproj/LaunchScreen.storyboard; sourceTree = "<group>"; };
		52972B671BCFF641004E15FB /* Info.plist */ = {isa = PBXFileReference; lastKnownFileType = text.plist.xml; path = Info.plist; sourceTree = "<group>"; };
		52972B6C1BCFF641004E15FB /* 云花园Tests.xctest */ = {isa = PBXFileReference; explicitFileType = wrapper.cfbundle; includeInIndex = 0; path = "云花园Tests.xctest"; sourceTree = BUILT_PRODUCTS_DIR; };
		52972B701BCFF641004E15FB /* ___Tests.m */ = {isa = PBXFileReference; lastKnownFileType = sourcecode.c.objc; path = "___Tests.m"; sourceTree = "<group>"; };
		52972B721BCFF641004E15FB /* Info.plist */ = {isa = PBXFileReference; lastKnownFileType = text.plist.xml; path = Info.plist; sourceTree = "<group>"; };
		52972B771BCFF641004E15FB /* 云花园UITests.xctest */ = {isa = PBXFileReference; explicitFileType = wrapper.cfbundle; includeInIndex = 0; path = "云花园UITests.xctest"; sourceTree = BUILT_PRODUCTS_DIR; };
		52972B7B1BCFF641004E15FB /* ___UITests.m */ = {isa = PBXFileReference; lastKnownFileType = sourcecode.c.objc; path = "___UITests.m"; sourceTree = "<group>"; };
		52972B7D1BCFF641004E15FB /* Info.plist */ = {isa = PBXFileReference; lastKnownFileType = text.plist.xml; path = Info.plist; sourceTree = "<group>"; };
		52972B8A1BCFF6DE004E15FB /* HomePageViewController.h */ = {isa = PBXFileReference; fileEncoding = 4; lastKnownFileType = sourcecode.c.h; path = HomePageViewController.h; sourceTree = "<group>"; };
		52972B8B1BCFF6DE004E15FB /* HomePageViewController.m */ = {isa = PBXFileReference; fileEncoding = 4; lastKnownFileType = sourcecode.c.objc; path = HomePageViewController.m; sourceTree = "<group>"; };
		52D802E31BD5C774001DE343 /* SelfCenterViewController.h */ = {isa = PBXFileReference; fileEncoding = 4; lastKnownFileType = sourcecode.c.h; path = SelfCenterViewController.h; sourceTree = "<group>"; };
		52D802E41BD5C774001DE343 /* SelfCenterViewController.m */ = {isa = PBXFileReference; fileEncoding = 4; lastKnownFileType = sourcecode.c.objc; path = SelfCenterViewController.m; sourceTree = "<group>"; };
		52D802E61BD5C774001DE343 /* MarketViewController.h */ = {isa = PBXFileReference; fileEncoding = 4; lastKnownFileType = sourcecode.c.h; path = MarketViewController.h; sourceTree = "<group>"; };
		52D802E71BD5C774001DE343 /* MarketViewController.m */ = {isa = PBXFileReference; fileEncoding = 4; lastKnownFileType = sourcecode.c.objc; path = MarketViewController.m; sourceTree = "<group>"; };
		52D802E91BD5C774001DE343 /* MyGardenViewController.h */ = {isa = PBXFileReference; fileEncoding = 4; lastKnownFileType = sourcecode.c.h; path = MyGardenViewController.h; sourceTree = "<group>"; };
		52D802EA1BD5C774001DE343 /* MyGardenViewController.m */ = {isa = PBXFileReference; fileEncoding = 4; lastKnownFileType = sourcecode.c.objc; path = MyGardenViewController.m; sourceTree = "<group>"; };
		52D802EF1BD5CA76001DE343 /* Home_CollectionDelegate.h */ = {isa = PBXFileReference; fileEncoding = 4; lastKnownFileType = sourcecode.c.h; path = Home_CollectionDelegate.h; sourceTree = "<group>"; };
		52D802F01BD5CA76001DE343 /* Home_CollectionDelegate.m */ = {isa = PBXFileReference; fileEncoding = 4; lastKnownFileType = sourcecode.c.objc; path = Home_CollectionDelegate.m; sourceTree = "<group>"; };
		52D802F21BD5CA91001DE343 /* Home_RewriteCollectionViewCell.h */ = {isa = PBXFileReference; fileEncoding = 4; lastKnownFileType = sourcecode.c.h; path = Home_RewriteCollectionViewCell.h; sourceTree = "<group>"; };
		52D802F31BD5CA91001DE343 /* Home_RewriteCollectionViewCell.m */ = {isa = PBXFileReference; fileEncoding = 4; lastKnownFileType = sourcecode.c.objc; path = Home_RewriteCollectionViewCell.m; sourceTree = "<group>"; };
/* End PBXFileReference section */

/* Begin PBXFrameworksBuildPhase section */
		52972B501BCFF641004E15FB /* Frameworks */ = {
			isa = PBXFrameworksBuildPhase;
			buildActionMask = 2147483647;
			files = (
			);
			runOnlyForDeploymentPostprocessing = 0;
		};
		52972B691BCFF641004E15FB /* Frameworks */ = {
			isa = PBXFrameworksBuildPhase;
			buildActionMask = 2147483647;
			files = (
			);
			runOnlyForDeploymentPostprocessing = 0;
		};
		52972B741BCFF641004E15FB /* Frameworks */ = {
			isa = PBXFrameworksBuildPhase;
			buildActionMask = 2147483647;
			files = (
			);
			runOnlyForDeploymentPostprocessing = 0;
		};
/* End PBXFrameworksBuildPhase section */

/* Begin PBXGroup section */
		52972B4A1BCFF641004E15FB = {
			isa = PBXGroup;
			children = (
				52972B551BCFF641004E15FB /* 云花园 */,
				52972B6F1BCFF641004E15FB /* 云花园Tests */,
				52972B7A1BCFF641004E15FB /* 云花园UITests */,
				52972B541BCFF641004E15FB /* Products */,
			);
			sourceTree = "<group>";
		};
		52972B541BCFF641004E15FB /* Products */ = {
			isa = PBXGroup;
			children = (
				52972B531BCFF641004E15FB /* 云花园.app */,
				52972B6C1BCFF641004E15FB /* 云花园Tests.xctest */,
				52972B771BCFF641004E15FB /* 云花园UITests.xctest */,
			);
			name = Products;
			sourceTree = "<group>";
		};
		52972B551BCFF641004E15FB /* 云花园 */ = {
			isa = PBXGroup;
			children = (
				52972B591BCFF641004E15FB /* AppDelegate.h */,
				52972B5A1BCFF641004E15FB /* AppDelegate.m */,
				52972B891BCFF6C0004E15FB /* 主页 */,
				52D802E21BD5C774001DE343 /* 个人中心 */,
				52D802E51BD5C774001DE343 /* 市场 */,
				52D802E81BD5C774001DE343 /* 我的花园 */,
				52972B5F1BCFF641004E15FB /* Main.storyboard */,
				52972B621BCFF641004E15FB /* Assets.xcassets */,
				52972B641BCFF641004E15FB /* LaunchScreen.storyboard */,
				52972B671BCFF641004E15FB /* Info.plist */,
				52972B561BCFF641004E15FB /* Supporting Files */,
			);
			path = "云花园";
			sourceTree = "<group>";
		};
		52972B561BCFF641004E15FB /* Supporting Files */ = {
			isa = PBXGroup;
			children = (
				52972B571BCFF641004E15FB /* main.m */,
			);
			name = "Supporting Files";
			sourceTree = "<group>";
		};
		52972B6F1BCFF641004E15FB /* 云花园Tests */ = {
			isa = PBXGroup;
			children = (
				52972B701BCFF641004E15FB /* ___Tests.m */,
				52972B721BCFF641004E15FB /* Info.plist */,
			);
			path = "云花园Tests";
			sourceTree = "<group>";
		};
		52972B7A1BCFF641004E15FB /* 云花园UITests */ = {
			isa = PBXGroup;
			children = (
				52972B7B1BCFF641004E15FB /* ___UITests.m */,
				52972B7D1BCFF641004E15FB /* Info.plist */,
			);
			path = "云花园UITests";
			sourceTree = "<group>";
		};
		52972B891BCFF6C0004E15FB /* 主页 */ = {
			isa = PBXGroup;
			children = (
				52972B8A1BCFF6DE004E15FB /* HomePageViewController.h */,
				52972B8B1BCFF6DE004E15FB /* HomePageViewController.m */,
				52D802EE1BD5CA58001DE343 /* collectionView */,
			);
			path = "主页";
			sourceTree = "<group>";
		};
		52D802E21BD5C774001DE343 /* 个人中心 */ = {
			isa = PBXGroup;
			children = (
				52D802E31BD5C774001DE343 /* SelfCenterViewController.h */,
				52D802E41BD5C774001DE343 /* SelfCenterViewController.m */,
			);
			path = "个人中心";
			sourceTree = "<group>";
		};
		52D802E51BD5C774001DE343 /* 市场 */ = {
			isa = PBXGroup;
			children = (
				52D802E61BD5C774001DE343 /* MarketViewController.h */,
				52D802E71BD5C774001DE343 /* MarketViewController.m */,
			);
			path = "市场";
			sourceTree = "<group>";
		};
		52D802E81BD5C774001DE343 /* 我的花园 */ = {
			isa = PBXGroup;
			children = (
				52D802E91BD5C774001DE343 /* MyGardenViewController.h */,
				52D802EA1BD5C774001DE343 /* MyGardenViewController.m */,
			);
			path = "我的花园";
			sourceTree = "<group>";
		};
		52D802EE1BD5CA58001DE343 /* collectionView */ = {
			isa = PBXGroup;
			children = (
				52D802EF1BD5CA76001DE343 /* Home_CollectionDelegate.h */,
				52D802F01BD5CA76001DE343 /* Home_CollectionDelegate.m */,
				52D802F21BD5CA91001DE343 /* Home_RewriteCollectionViewCell.h */,
				52D802F31BD5CA91001DE343 /* Home_RewriteCollectionViewCell.m */,
			);
			path = collectionView;
			sourceTree = "<group>";
		};
/* End PBXGroup section */

/* Begin PBXNativeTarget section */
		52972B521BCFF641004E15FB /* 云花园 */ = {
			isa = PBXNativeTarget;
			buildConfigurationList = 52972B801BCFF641004E15FB /* Build configuration list for PBXNativeTarget "云花园" */;
			buildPhases = (
				52972B4F1BCFF641004E15FB /* Sources */,
				52972B501BCFF641004E15FB /* Frameworks */,
				52972B511BCFF641004E15FB /* Resources */,
			);
			buildRules = (
			);
			dependencies = (
			);
			name = "云花园";
			productName = "云花园";
			productReference = 52972B531BCFF641004E15FB /* 云花园.app */;
			productType = "com.apple.product-type.application";
		};
		52972B6B1BCFF641004E15FB /* 云花园Tests */ = {
			isa = PBXNativeTarget;
			buildConfigurationList = 52972B831BCFF641004E15FB /* Build configuration list for PBXNativeTarget "云花园Tests" */;
			buildPhases = (
				52972B681BCFF641004E15FB /* Sources */,
				52972B691BCFF641004E15FB /* Frameworks */,
				52972B6A1BCFF641004E15FB /* Resources */,
			);
			buildRules = (
			);
			dependencies = (
				52972B6E1BCFF641004E15FB /* PBXTargetDependency */,
			);
			name = "云花园Tests";
			productName = "云花园Tests";
			productReference = 52972B6C1BCFF641004E15FB /* 云花园Tests.xctest */;
			productType = "com.apple.product-type.bundle.unit-test";
		};
		52972B761BCFF641004E15FB /* 云花园UITests */ = {
			isa = PBXNativeTarget;
			buildConfigurationList = 52972B861BCFF641004E15FB /* Build configuration list for PBXNativeTarget "云花园UITests" */;
			buildPhases = (
				52972B731BCFF641004E15FB /* Sources */,
				52972B741BCFF641004E15FB /* Frameworks */,
				52972B751BCFF641004E15FB /* Resources */,
			);
			buildRules = (
			);
			dependencies = (
				52972B791BCFF641004E15FB /* PBXTargetDependency */,
			);
			name = "云花园UITests";
			productName = "云花园UITests";
			productReference = 52972B771BCFF641004E15FB /* 云花园UITests.xctest */;
			productType = "com.apple.product-type.bundle.ui-testing";
		};
/* End PBXNativeTarget section */

/* Begin PBXProject section */
		52972B4B1BCFF641004E15FB /* Project object */ = {
			isa = PBXProject;
			attributes = {
				LastUpgradeCheck = 0700;
				ORGANIZATIONNAME = "BBH工作室";
				TargetAttributes = {
					52972B521BCFF641004E15FB = {
						CreatedOnToolsVersion = 7.0.1;
					};
					52972B6B1BCFF641004E15FB = {
						CreatedOnToolsVersion = 7.0.1;
						TestTargetID = 52972B521BCFF641004E15FB;
					};
					52972B761BCFF641004E15FB = {
						CreatedOnToolsVersion = 7.0.1;
						TestTargetID = 52972B521BCFF641004E15FB;
					};
				};
			};
			buildConfigurationList = 52972B4E1BCFF641004E15FB /* Build configuration list for PBXProject "云花园" */;
			compatibilityVersion = "Xcode 3.2";
			developmentRegion = English;
			hasScannedForEncodings = 0;
			knownRegions = (
				en,
				Base,
			);
			mainGroup = 52972B4A1BCFF641004E15FB;
			productRefGroup = 52972B541BCFF641004E15FB /* Products */;
			projectDirPath = "";
			projectRoot = "";
			targets = (
				52972B521BCFF641004E15FB /* 云花园 */,
				52972B6B1BCFF641004E15FB /* 云花园Tests */,
				52972B761BCFF641004E15FB /* 云花园UITests */,
			);
		};
/* End PBXProject section */

/* Begin PBXResourcesBuildPhase section */
		52972B511BCFF641004E15FB /* Resources */ = {
			isa = PBXResourcesBuildPhase;
			buildActionMask = 2147483647;
			files = (
				52972B661BCFF641004E15FB /* LaunchScreen.storyboard in Resources */,
				52972B631BCFF641004E15FB /* Assets.xcassets in Resources */,
				52972B611BCFF641004E15FB /* Main.storyboard in Resources */,
			);
			runOnlyForDeploymentPostprocessing = 0;
		};
		52972B6A1BCFF641004E15FB /* Resources */ = {
			isa = PBXResourcesBuildPhase;
			buildActionMask = 2147483647;
			files = (
			);
			runOnlyForDeploymentPostprocessing = 0;
		};
		52972B751BCFF641004E15FB /* Resources */ = {
			isa = PBXResourcesBuildPhase;
			buildActionMask = 2147483647;
			files = (
			);
			runOnlyForDeploymentPostprocessing = 0;
		};
/* End PBXResourcesBuildPhase section */

/* Begin PBXSourcesBuildPhase section */
		52972B4F1BCFF641004E15FB /* Sources */ = {
			isa = PBXSourcesBuildPhase;
			buildActionMask = 2147483647;
			files = (
				52D802F41BD5CA91001DE343 /* Home_RewriteCollectionViewCell.m in Sources */,
				52972B5B1BCFF641004E15FB /* AppDelegate.m in Sources */,
				52D802ED1BD5C774001DE343 /* MyGardenViewController.m in Sources */,
				52D802EC1BD5C774001DE343 /* MarketViewController.m in Sources */,
				52972B581BCFF641004E15FB /* main.m in Sources */,
				52D802F11BD5CA76001DE343 /* Home_CollectionDelegate.m in Sources */,
				52972B8C1BCFF6DE004E15FB /* HomePageViewController.m in Sources */,
				52D802EB1BD5C774001DE343 /* SelfCenterViewController.m in Sources */,
			);
			runOnlyForDeploymentPostprocessing = 0;
		};
		52972B681BCFF641004E15FB /* Sources */ = {
			isa = PBXSourcesBuildPhase;
			buildActionMask = 2147483647;
			files = (
				52972B711BCFF641004E15FB /* ___Tests.m in Sources */,
			);
			runOnlyForDeploymentPostprocessing = 0;
		};
		52972B731BCFF641004E15FB /* Sources */ = {
			isa = PBXSourcesBuildPhase;
			buildActionMask = 2147483647;
			files = (
				52972B7C1BCFF641004E15FB /* ___UITests.m in Sources */,
			);
			runOnlyForDeploymentPostprocessing = 0;
		};
/* End PBXSourcesBuildPhase section */

/* Begin PBXTargetDependency section */
		52972B6E1BCFF641004E15FB /* PBXTargetDependency */ = {
			isa = PBXTargetDependency;
			target = 52972B521BCFF641004E15FB /* 云花园 */;
			targetProxy = 52972B6D1BCFF641004E15FB /* PBXContainerItemProxy */;
		};
		52972B791BCFF641004E15FB /* PBXTargetDependency */ = {
			isa = PBXTargetDependency;
			target = 52972B521BCFF641004E15FB /* 云花园 */;
			targetProxy = 52972B781BCFF641004E15FB /* PBXContainerItemProxy */;
		};
/* End PBXTargetDependency section */

/* Begin PBXVariantGroup section */
		52972B5F1BCFF641004E15FB /* Main.storyboard */ = {
			isa = PBXVariantGroup;
			children = (
				52972B601BCFF641004E15FB /* Base */,
			);
			name = Main.storyboard;
			sourceTree = "<group>";
		};
		52972B641BCFF641004E15FB /* LaunchScreen.storyboard */ = {
			isa = PBXVariantGroup;
			children = (
				52972B651BCFF641004E15FB /* Base */,
			);
			name = LaunchScreen.storyboard;
			sourceTree = "<group>";
		};
/* End PBXVariantGroup section */

/* Begin XCBuildConfiguration section */
		52972B7E1BCFF641004E15FB /* Debug */ = {
			isa = XCBuildConfiguration;
			buildSettings = {
				ALWAYS_SEARCH_USER_PATHS = NO;
				CLANG_CXX_LANGUAGE_STANDARD = "gnu++0x";
				CLANG_CXX_LIBRARY = "libc++";
				CLANG_ENABLE_MODULES = YES;
				CLANG_ENABLE_OBJC_ARC = YES;
				CLANG_WARN_BOOL_CONVERSION = YES;
				CLANG_WARN_CONSTANT_CONVERSION = YES;
				CLANG_WARN_DIRECT_OBJC_ISA_USAGE = YES_ERROR;
				CLANG_WARN_EMPTY_BODY = YES;
				CLANG_WARN_ENUM_CONVERSION = YES;
				CLANG_WARN_INT_CONVERSION = YES;
				CLANG_WARN_OBJC_ROOT_CLASS = YES_ERROR;
				CLANG_WARN_UNREACHABLE_CODE = YES;
				CLANG_WARN__DUPLICATE_METHOD_MATCH = YES;
				"CODE_SIGN_IDENTITY[sdk=iphoneos*]" = "iPhone Developer";
				COPY_PHASE_STRIP = NO;
				DEBUG_INFORMATION_FORMAT = dwarf;
				ENABLE_STRICT_OBJC_MSGSEND = YES;
				ENABLE_TESTABILITY = YES;
				GCC_C_LANGUAGE_STANDARD = gnu99;
				GCC_DYNAMIC_NO_PIC = NO;
				GCC_NO_COMMON_BLOCKS = YES;
				GCC_OPTIMIZATION_LEVEL = 0;
				GCC_PREPROCESSOR_DEFINITIONS = (
					"DEBUG=1",
					"$(inherited)",
				);
				GCC_WARN_64_TO_32_BIT_CONVERSION = YES;
				GCC_WARN_ABOUT_RETURN_TYPE = YES_ERROR;
				GCC_WARN_UNDECLARED_SELECTOR = YES;
				GCC_WARN_UNINITIALIZED_AUTOS = YES_AGGRESSIVE;
				GCC_WARN_UNUSED_FUNCTION = YES;
				GCC_WARN_UNUSED_VARIABLE = YES;
				IPHONEOS_DEPLOYMENT_TARGET = 9.0;
				MTL_ENABLE_DEBUG_INFO = YES;
				ONLY_ACTIVE_ARCH = YES;
				SDKROOT = iphoneos;
			};
			name = Debug;
		};
		52972B7F1BCFF641004E15FB /* Release */ = {
			isa = XCBuildConfiguration;
			buildSettings = {
				ALWAYS_SEARCH_USER_PATHS = NO;
				CLANG_CXX_LANGUAGE_STANDARD = "gnu++0x";
				CLANG_CXX_LIBRARY = "libc++";
				CLANG_ENABLE_MODULES = YES;
				CLANG_ENABLE_OBJC_ARC = YES;
				CLANG_WARN_BOOL_CONVERSION = YES;
				CLANG_WARN_CONSTANT_CONVERSION = YES;
				CLANG_WARN_DIRECT_OBJC_ISA_USAGE = YES_ERROR;
				CLANG_WARN_EMPTY_BODY = YES;
				CLANG_WARN_ENUM_CONVERSION = YES;
				CLANG_WARN_INT_CONVERSION = YES;
				CLANG_WARN_OBJC_ROOT_CLASS = YES_ERROR;
				CLANG_WARN_UNREACHABLE_CODE = YES;
				CLANG_WARN__DUPLICATE_METHOD_MATCH = YES;
				"CODE_SIGN_IDENTITY[sdk=iphoneos*]" = "iPhone Developer";
				COPY_PHASE_STRIP = NO;
				DEBUG_INFORMATION_FORMAT = "dwarf-with-dsym";
				ENABLE_NS_ASSERTIONS = NO;
				ENABLE_STRICT_OBJC_MSGSEND = YES;
				GCC_C_LANGUAGE_STANDARD = gnu99;
				GCC_NO_COMMON_BLOCKS = YES;
				GCC_WARN_64_TO_32_BIT_CONVERSION = YES;
				GCC_WARN_ABOUT_RETURN_TYPE = YES_ERROR;
				GCC_WARN_UNDECLARED_SELECTOR = YES;
				GCC_WARN_UNINITIALIZED_AUTOS = YES_AGGRESSIVE;
				GCC_WARN_UNUSED_FUNCTION = YES;
				GCC_WARN_UNUSED_VARIABLE = YES;
				IPHONEOS_DEPLOYMENT_TARGET = 9.0;
				MTL_ENABLE_DEBUG_INFO = NO;
				SDKROOT = iphoneos;
				VALIDATE_PRODUCT = YES;
			};
			name = Release;
		};
		52972B811BCFF641004E15FB /* Debug */ = {
			isa = XCBuildConfiguration;
			buildSettings = {
				ASSETCATALOG_COMPILER_APPICON_NAME = AppIcon;
				INFOPLIST_FILE = "云花园/Info.plist";
				LD_RUNPATH_SEARCH_PATHS = "$(inherited) @executable_path/Frameworks";
				PRODUCT_BUNDLE_IDENTIFIER = "--.---";
				PRODUCT_NAME = "$(TARGET_NAME)";
			};
			name = Debug;
		};
		52972B821BCFF641004E15FB /* Release */ = {
			isa = XCBuildConfiguration;
			buildSettings = {
				ASSETCATALOG_COMPILER_APPICON_NAME = AppIcon;
				INFOPLIST_FILE = "云花园/Info.plist";
				LD_RUNPATH_SEARCH_PATHS = "$(inherited) @executable_path/Frameworks";
				PRODUCT_BUNDLE_IDENTIFIER = "--.---";
				PRODUCT_NAME = "$(TARGET_NAME)";
			};
			name = Release;
		};
		52972B841BCFF641004E15FB /* Debug */ = {
			isa = XCBuildConfiguration;
			buildSettings = {
				BUNDLE_LOADER = "$(TEST_HOST)";
				INFOPLIST_FILE = "云花园Tests/Info.plist";
				LD_RUNPATH_SEARCH_PATHS = "$(inherited) @executable_path/Frameworks @loader_path/Frameworks";
				PRODUCT_BUNDLE_IDENTIFIER = "--.---Tests";
				PRODUCT_NAME = "$(TARGET_NAME)";
				TEST_HOST = "$(BUILT_PRODUCTS_DIR)/云花园.app/云花园";
			};
			name = Debug;
		};
		52972B851BCFF641004E15FB /* Release */ = {
			isa = XCBuildConfiguration;
			buildSettings = {
				BUNDLE_LOADER = "$(TEST_HOST)";
				INFOPLIST_FILE = "云花园Tests/Info.plist";
				LD_RUNPATH_SEARCH_PATHS = "$(inherited) @executable_path/Frameworks @loader_path/Frameworks";
				PRODUCT_BUNDLE_IDENTIFIER = "--.---Tests";
				PRODUCT_NAME = "$(TARGET_NAME)";
				TEST_HOST = "$(BUILT_PRODUCTS_DIR)/云花园.app/云花园";
			};
			name = Release;
		};
		52972B871BCFF641004E15FB /* Debug */ = {
			isa = XCBuildConfiguration;
			buildSettings = {
				INFOPLIST_FILE = "云花园UITests/Info.plist";
				LD_RUNPATH_SEARCH_PATHS = "$(inherited) @executable_path/Frameworks @loader_path/Frameworks";
				PRODUCT_BUNDLE_IDENTIFIER = "--.---UITests";
				PRODUCT_NAME = "$(TARGET_NAME)";
				TEST_TARGET_NAME = "云花园";
				USES_XCTRUNNER = YES;
			};
			name = Debug;
		};
		52972B881BCFF641004E15FB /* Release */ = {
			isa = XCBuildConfiguration;
			buildSettings = {
				INFOPLIST_FILE = "云花园UITests/Info.plist";
				LD_RUNPATH_SEARCH_PATHS = "$(inherited) @executable_path/Frameworks @loader_path/Frameworks";
				PRODUCT_BUNDLE_IDENTIFIER = "--.---UITests";
				PRODUCT_NAME = "$(TARGET_NAME)";
				TEST_TARGET_NAME = "云花园";
				USES_XCTRUNNER = YES;
			};
			name = Release;
		};
/* End XCBuildConfiguration section */

/* Begin XCConfigurationList section */
		52972B4E1BCFF641004E15FB /* Build configuration list for PBXProject "云花园" */ = {
			isa = XCConfigurationList;
			buildConfigurations = (
				52972B7E1BCFF641004E15FB /* Debug */,
				52972B7F1BCFF641004E15FB /* Release */,
			);
			defaultConfigurationIsVisible = 0;
			defaultConfigurationName = Release;
		};
		52972B801BCFF641004E15FB /* Build configuration list for PBXNativeTarget "云花园" */ = {
			isa = XCConfigurationList;
			buildConfigurations = (
				52972B811BCFF641004E15FB /* Debug */,
				52972B821BCFF641004E15FB /* Release */,
			);
			defaultConfigurationIsVisible = 0;
			defaultConfigurationName = Release;
		};
		52972B831BCFF641004E15FB /* Build configuration list for PBXNativeTarget "云花园Tests" */ = {
			isa = XCConfigurationList;
			buildConfigurations = (
				52972B841BCFF641004E15FB /* Debug */,
				52972B851BCFF641004E15FB /* Release */,
			);
			defaultConfigurationIsVisible = 0;
			defaultConfigurationName = Release;
		};
		52972B861BCFF641004E15FB /* Build configuration list for PBXNativeTarget "云花园UITests" */ = {
			isa = XCConfigurationList;
			buildConfigurations = (
				52972B871BCFF641004E15FB /* Debug */,
				52972B881BCFF641004E15FB /* Release */,
			);
			defaultConfigurationIsVisible = 0;
			defaultConfigurationName = Release;
		};
/* End XCConfigurationList section */
	};
	rootObject = 52972B4B1BCFF641004E15FB /* Project object */;
}
